
Microsoft Visual Studio Solution File, Format Version 12.00
# Visual Studio Version 17
VisualStudioVersion = 17.6.33801.468
MinimumVisualStudioVersion = 10.0.40219.1
Project("{E24C65DC-7377-472B-9ABA-BC803B73C61A}") = "BlogResume", "BlogResume\", "{0161A9B1-42BD-4908-BF76-CB7AB7464F96}"
	ProjectSection(WebsiteProperties) = preProject
		TargetFrameworkMoniker = ".NETFramework,Version%3Dv4.7.2"
		Debug.AspNetCompiler.VirtualPath = "/localhost_63979"
		Debug.AspNetCompiler.PhysicalPath = "BlogResume\"
		Debug.AspNetCompiler.TargetPath = "PrecompiledWeb\localhost_63979\"
		Debug.AspNetCompiler.Updateable = "true"
		Debug.AspNetCompiler.ForceOverwrite = "true"
		Debug.AspNetCompiler.FixedNames = "false"
		Debug.AspNetCompiler.Debug = "True"
		Release.AspNetCompiler.VirtualPath = "/localhost_63979"
		Release.AspNetCompiler.PhysicalPath = "BlogResume\"
		Release.AspNetCompiler.TargetPath = "PrecompiledWeb\localhost_63979\"
		Release.AspNetCompiler.Updateable = "true"
		Release.AspNetCompiler.ForceOverwrite = "true"
		Release.AspNetCompiler.FixedNames = "false"
		Release.AspNetCompiler.Debug = "False"
		VWDPort = "63979"
		SlnRelativePath = "BlogResume\"
		DefaultWebSiteLanguage = "Visual C#"
	EndProjectSection
EndProject
Global
	GlobalSection(SolutionConfigurationPlatforms) = preSolution
		Debug|Any CPU = Debug|Any CPU
	EndGlobalSection
	GlobalSection(ProjectConfigurationPlatforms) = postSolution
		{0161A9B1-42BD-4908-BF76-CB7AB7464F96}.Debug|Any CPU.ActiveCfg = Debug|Any CPU
		{0161A9B1-42BD-4908-BF76-CB7AB7464F96}.Debug|Any CPU.Build.0 = Debug|Any CPU
	EndGlobalSection
	GlobalSection(SolutionProperties) = preSolution
		HideSolutionNode = FALSE
	EndGlobalSection
	GlobalSection(ExtensibilityGlobals) = postSolution
		SolutionGuid = {C42FB8BC-00BA-4972-A352-DC40D9E45E6F}
	EndGlobalSection
EndGlobal
